
Microsoft Visual Studio Solution File, Format Version 12.00
# Visual Studio Version 16
VisualStudioVersion = 16.0.30114.105
MinimumVisualStudioVersion = 10.0.40219.1
Project("{FAE04EC0-301F-11D3-BF4B-00C04F79EFBC}") = "937 Reorder Data in Log Files", "937 Reorder Data in Log Files\937 Reorder Data in Log Files.csproj", "{CE0148EF-01B1-4BE6-A3CF-7EEB12B903DE}"
EndProject
Global
	GlobalSection(SolutionConfigurationPlatforms) = preSolution
		Debug|Any CPU = Debug|Any CPU
		Release|Any CPU = Release|Any CPU
	EndGlobalSection
	GlobalSection(ProjectConfigurationPlatforms) = postSolution
		{CE0148EF-01B1-4BE6-A3CF-7EEB12B903DE}.Debug|Any CPU.ActiveCfg = Debug|Any CPU
		{CE0148EF-01B1-4BE6-A3CF-7EEB12B903DE}.Debug|Any CPU.Build.0 = Debug|Any CPU
		{CE0148EF-01B1-4BE6-A3CF-7EEB12B903DE}.Release|Any CPU.ActiveCfg = Release|Any CPU
		{CE0148EF-01B1-4BE6-A3CF-7EEB12B903DE}.Release|Any CPU.Build.0 = Release|Any CPU
	EndGlobalSection
	GlobalSection(SolutionProperties) = preSolution
		HideSolutionNode = FALSE
	EndGlobalSection
	GlobalSection(ExtensibilityGlobals) = postSolution
		SolutionGuid = {5F538EE7-0C90-4790-97BB-554AE9B183F5}
	EndGlobalSection
EndGlobal
